<?xml version="1.0" encoding="utf-8"?>
<Project ToolsVersion="17.0" xmlns="http://schemas.microsoft.com/developer/msbuild/2003">
  <ItemGroup>
    <CustomBuild Include="C:\Users\GreenClover\Desktop\Polibuda\PaGi\OpenGLGP\build\CMakeFiles\da05343d9b934d5329d40df00b26b5ed\INSTALL_force.rule">
      <Filter>CMake Rules</Filter>
    </CustomBuild>
  </ItemGroup>
  <ItemGroup>
    <Filter Include="CMake Rules">
      <UniqueIdentifier>{CC998ACB-19B4-3489-BC3B-979F2D13636B}</UniqueIdentifier>
    </Filter>
  </ItemGroup>
</Project>
